# This file may be used to create an environment using:
# $ conda create --name <env> --file <this file>
# platform: osx-arm64
@EXPLICIT
https://conda.anaconda.org/conda-forge/osx-arm64/bzip2-1.0.8-h99b78c6_7.conda
https://conda.anaconda.org/conda-forge/osx-arm64/c-ares-1.34.3-h5505292_1.conda
https://conda.anaconda.org/conda-forge/osx-arm64/ca-certificates-2024.8.30-hf0a4a13_0.conda
https://conda.anaconda.org/conda-forge/osx-arm64/libcxx-19.1.4-ha82da77_0.conda
https://conda.anaconda.org/conda-forge/osx-arm64/libev-4.33-h93a5062_2.conda
https://conda.anaconda.org/conda-forge/osx-arm64/libffi-3.4.2-h3422bc3_5.tar.bz2
https://conda.anaconda.org/conda-forge/osx-arm64/libiconv-1.17-h0d3ecfb_2.conda
https://conda.anaconda.org/conda-forge/osx-arm64/libzlib-1.3.1-h8359307_2.conda
https://conda.anaconda.org/conda-forge/osx-arm64/llvm-openmp-19.1.4-hdb05f8b_0.conda
https://conda.anaconda.org/conda-forge/osx-arm64/lzo-2.10-h93a5062_1001.conda
https://conda.anaconda.org/conda-forge/osx-arm64/ncurses-6.5-h7bae524_1.conda
https://conda.anaconda.org/conda-forge/noarch/pybind11-abi-4-hd8ed1ab_3.tar.bz2
https://conda.anaconda.org/conda-forge/osx-arm64/python_abi-3.9-5_cp39.conda
https://conda.anaconda.org/conda-forge/osx-arm64/reproc-14.2.5.post0-h5505292_0.conda
https://conda.anaconda.org/conda-forge/noarch/tzdata-2024b-hc8b5060_0.conda
https://conda.anaconda.org/conda-forge/osx-arm64/xz-5.2.6-h57fd34a_0.tar.bz2
https://conda.anaconda.org/conda-forge/osx-arm64/fmt-10.2.1-h2ffa867_0.conda
https://conda.anaconda.org/conda-forge/osx-arm64/libedit-3.1.20191231-hc8eb9b7_2.tar.bz2
https://conda.anaconda.org/conda-forge/osx-arm64/libgfortran5-13.2.0-hf226fd6_3.conda
https://conda.anaconda.org/conda-forge/osx-arm64/libsolv-0.7.30-h6c9b7f8_0.conda
https://conda.anaconda.org/conda-forge/osx-arm64/libsqlite-3.47.0-hbaaea75_1.conda
https://conda.anaconda.org/conda-forge/osx-arm64/libxml2-2.13.5-h376fa9f_0.conda
https://conda.anaconda.org/conda-forge/osx-arm64/lz4-c-1.9.4-hb7217d7_0.conda
https://conda.anaconda.org/conda-forge/osx-arm64/openssl-3.4.0-h39f12f2_0.conda
https://conda.anaconda.org/conda-forge/osx-arm64/readline-8.2-h92ec313_1.conda
https://conda.anaconda.org/conda-forge/osx-arm64/reproc-cpp-14.2.5.post0-h286801f_0.conda
https://conda.anaconda.org/conda-forge/osx-arm64/tk-8.6.13-h5083fa2_1.conda
https://conda.anaconda.org/conda-forge/osx-arm64/yaml-cpp-0.8.0-h13dd4ca_0.conda
https://conda.anaconda.org/conda-forge/osx-arm64/zstd-1.5.6-hb46c0d2_0.conda
https://conda.anaconda.org/conda-forge/osx-arm64/krb5-1.21.3-h237132a_0.conda
https://conda.anaconda.org/conda-forge/osx-arm64/libarchive-3.7.7-h7c07d2a_0.conda
https://conda.anaconda.org/conda-forge/osx-arm64/libgfortran-5.0.0-13_2_0_hd922786_3.conda
https://conda.anaconda.org/conda-forge/osx-arm64/libnghttp2-1.64.0-h6d7220d_0.conda
https://conda.anaconda.org/conda-forge/osx-arm64/libssh2-1.11.1-h9cc3647_0.conda
https://conda.anaconda.org/conda-forge/osx-arm64/python-3.9.20-h9e33284_1_cpython.conda
https://conda.anaconda.org/conda-forge/noarch/archspec-0.2.3-pyhd8ed1ab_0.conda
https://conda.anaconda.org/conda-forge/noarch/boltons-24.0.0-pyhd8ed1ab_0.conda
https://conda.anaconda.org/conda-forge/osx-arm64/brotli-python-1.1.0-py39hfa9831e_2.conda
https://conda.anaconda.org/conda-forge/noarch/certifi-2024.8.30-pyhd8ed1ab_0.conda
https://conda.anaconda.org/conda-forge/noarch/charset-normalizer-3.4.0-pyhd8ed1ab_0.conda
https://conda.anaconda.org/conda-forge/noarch/colorama-0.4.6-pyhd8ed1ab_0.tar.bz2
https://conda.anaconda.org/conda-forge/noarch/distro-1.9.0-pyhd8ed1ab_0.conda
https://conda.anaconda.org/conda-forge/noarch/hpack-4.0.0-pyh9f0ad1d_0.tar.bz2
https://conda.anaconda.org/conda-forge/noarch/hyperframe-6.0.1-pyhd8ed1ab_0.tar.bz2
https://conda.anaconda.org/conda-forge/noarch/idna-3.10-pyhd8ed1ab_0.conda
https://conda.anaconda.org/conda-forge/osx-arm64/jsonpointer-3.0.0-py39h2804cbe_1.conda
https://conda.anaconda.org/conda-forge/osx-arm64/libcurl-8.10.1-h13a7ad3_0.conda
https://conda.anaconda.org/conda-forge/osx-arm64/libopenblas-0.3.28-openmp_hf332438_1.conda
https://conda.anaconda.org/conda-forge/osx-arm64/menuinst-2.2.0-py39h2804cbe_0.conda
https://conda.anaconda.org/conda-forge/noarch/packaging-24.2-pyhff2d567_1.conda
https://conda.anaconda.org/conda-forge/noarch/platformdirs-4.3.6-pyhd8ed1ab_0.conda
https://conda.anaconda.org/conda-forge/noarch/pluggy-1.5.0-pyhd8ed1ab_0.conda
https://conda.anaconda.org/conda-forge/osx-arm64/pycosat-0.6.6-py39hf3bc14e_2.conda
https://conda.anaconda.org/conda-forge/noarch/pycparser-2.22-pyhd8ed1ab_0.conda
https://conda.anaconda.org/conda-forge/noarch/pysocks-1.7.1-pyha2e5f31_6.tar.bz2
https://conda.anaconda.org/conda-forge/noarch/python-tzdata-2024.2-pyhd8ed1ab_0.conda
https://conda.anaconda.org/conda-forge/noarch/pytz-2024.2-pyhd8ed1ab_0.conda
https://conda.anaconda.org/conda-forge/osx-arm64/ruamel.yaml.clib-0.2.8-py39h57695bc_1.conda
https://conda.anaconda.org/conda-forge/noarch/setuptools-75.6.0-pyhff2d567_1.conda
https://conda.anaconda.org/conda-forge/noarch/six-1.16.0-pyh6c4a22f_0.tar.bz2
https://conda.anaconda.org/conda-forge/noarch/threadpoolctl-3.5.0-pyhc1e730c_0.conda
https://conda.anaconda.org/conda-forge/noarch/wheel-0.45.1-pyhd8ed1ab_0.conda
https://conda.anaconda.org/conda-forge/osx-arm64/cffi-1.17.1-py39h7f933ea_0.conda
https://conda.anaconda.org/conda-forge/noarch/h2-4.1.0-pyhd8ed1ab_0.tar.bz2
https://conda.anaconda.org/conda-forge/noarch/joblib-1.4.2-pyhd8ed1ab_0.conda
https://conda.anaconda.org/conda-forge/noarch/jsonpatch-1.33-pyhd8ed1ab_0.conda
https://conda.anaconda.org/conda-forge/osx-arm64/libblas-3.9.0-25_osxarm64_openblas.conda
https://conda.anaconda.org/conda-forge/osx-arm64/libmamba-1.5.6-h90c426b_0.conda
https://conda.anaconda.org/conda-forge/noarch/pip-24.3.1-pyh8b19718_0.conda
https://conda.anaconda.org/conda-forge/noarch/python-dateutil-2.9.0.post0-pyhff2d567_0.conda
https://conda.anaconda.org/conda-forge/osx-arm64/ruamel.yaml-0.18.6-py39h57695bc_1.conda
https://conda.anaconda.org/conda-forge/noarch/tqdm-4.67.1-pyhd8ed1ab_0.conda
https://conda.anaconda.org/conda-forge/osx-arm64/libcblas-3.9.0-25_osxarm64_openblas.conda
https://conda.anaconda.org/conda-forge/osx-arm64/liblapack-3.9.0-25_osxarm64_openblas.conda
https://conda.anaconda.org/conda-forge/osx-arm64/libmambapy-1.5.6-py39ha004b9d_0.conda
https://conda.anaconda.org/conda-forge/osx-arm64/zstandard-0.23.0-py39hcf1bb16_1.conda
https://conda.anaconda.org/conda-forge/noarch/conda-package-streaming-0.11.0-pyhd8ed1ab_0.conda
https://conda.anaconda.org/conda-forge/osx-arm64/numpy-1.26.4-py39h7aa2656_0.conda
https://conda.anaconda.org/conda-forge/noarch/urllib3-2.2.3-pyhd8ed1ab_0.conda
https://conda.anaconda.org/conda-forge/noarch/conda-package-handling-2.4.0-pyh7900ff3_0.conda
https://conda.anaconda.org/conda-forge/osx-arm64/pandas-2.0.3-py39h6b13a34_1.conda
https://conda.anaconda.org/conda-forge/noarch/requests-2.32.3-pyhd8ed1ab_0.conda
https://conda.anaconda.org/conda-forge/osx-arm64/scipy-1.13.1-py39h3d5391c_0.conda
https://conda.anaconda.org/conda-forge/osx-arm64/scikit-learn-1.3.0-py39hd5c4a62_0.conda
https://conda.anaconda.org/conda-forge/noarch/conda-libmamba-solver-24.9.0-pyhd8ed1ab_0.conda
https://conda.anaconda.org/conda-forge/osx-arm64/conda-23.11.0-py39h2804cbe_1.conda
https://conda.anaconda.org/conda-forge/osx-arm64/mamba-1.5.6-py39ha55b623_0.conda
