# This file may be used to create an environment using:
# $ conda create --name <env> --file <this file>
# platform: osx-arm64
@EXPLICIT
https://repo.anaconda.com/pkgs/main/osx-arm64/yaml-0.2.5-h1a28f6b_0.conda
https://conda.anaconda.org/conda-forge/osx-arm64/aws-c-common-0.9.17-h03532ee_0.conda
https://repo.anaconda.com/pkgs/main/osx-arm64/blas-1.0-openblas.conda
https://conda.anaconda.org/conda-forge/osx-arm64/bzip2-1.0.8-h93a5062_5.conda
https://conda.anaconda.org/conda-forge/osx-arm64/c-ares-1.28.1-h93a5062_0.conda
https://repo.anaconda.com/pkgs/main/osx-arm64/ca-certificates-2024.9.24-hca03da5_0.conda
https://conda.anaconda.org/conda-forge/osx-arm64/icu-73.2-hc8870d7_0.conda
https://conda.anaconda.org/conda-forge/osx-arm64/libbrotlicommon-1.1.0-hd74edd7_2.conda
https://conda.anaconda.org/conda-forge/osx-arm64/libcxx-19.1.4-ha82da77_0.conda
https://conda.anaconda.org/conda-forge/osx-arm64/libev-4.33-h93a5062_2.conda
https://conda.anaconda.org/conda-forge/osx-arm64/libexpat-2.6.2-hebf3989_0.conda
https://conda.anaconda.org/conda-forge/osx-arm64/libffi-3.4.2-h3422bc3_5.tar.bz2
https://conda.anaconda.org/conda-forge/osx-arm64/libiconv-1.17-h0d3ecfb_2.conda
https://repo.anaconda.com/pkgs/main/osx-arm64/libsodium-1.0.18-h1a28f6b_0.conda
https://conda.anaconda.org/conda-forge/osx-arm64/libutf8proc-2.8.0-h1a8c8d9_0.tar.bz2
https://conda.anaconda.org/conda-forge/osx-arm64/libzlib-1.3.1-h8359307_2.conda
https://repo.anaconda.com/pkgs/main/osx-arm64/llvm-openmp-14.0.6-hc6e5704_0.conda
https://conda.anaconda.org/conda-forge/osx-arm64/lzo-2.10-h642e427_1000.tar.bz2
https://conda.anaconda.org/conda-forge/osx-arm64/ncurses-6.4.20240210-h078ce10_0.conda
https://conda.anaconda.org/conda-forge/noarch/pybind11-abi-4-hd8ed1ab_3.tar.bz2
https://conda.anaconda.org/conda-forge/osx-arm64/python_abi-3.11-5_cp311.conda
https://conda.anaconda.org/conda-forge/osx-arm64/reproc-14.2.4.post0-h93a5062_1.conda
https://conda.anaconda.org/conda-forge/noarch/tzdata-2024a-h0c530f3_0.conda
https://conda.anaconda.org/conda-forge/osx-arm64/xz-5.2.6-h57fd34a_0.tar.bz2
https://conda.anaconda.org/conda-forge/osx-arm64/aws-c-cal-0.6.12-h35c0bb2_0.conda
https://conda.anaconda.org/conda-forge/osx-arm64/aws-c-compression-0.2.18-h35c0bb2_4.conda
https://conda.anaconda.org/conda-forge/osx-arm64/aws-c-sdkutils-0.1.16-h35c0bb2_0.conda
https://conda.anaconda.org/conda-forge/osx-arm64/aws-checksums-0.1.18-h35c0bb2_4.conda
https://conda.anaconda.org/conda-forge/osx-arm64/fmt-10.2.1-h2ffa867_0.conda
https://conda.anaconda.org/conda-forge/osx-arm64/gflags-2.2.2-hc88da5d_1004.tar.bz2
https://conda.anaconda.org/conda-forge/osx-arm64/libabseil-20240116.2-cxx17_h00cdb27_1.conda
https://conda.anaconda.org/conda-forge/osx-arm64/libbrotlidec-1.1.0-hd74edd7_2.conda
https://conda.anaconda.org/conda-forge/osx-arm64/libbrotlienc-1.1.0-hd74edd7_2.conda
https://conda.anaconda.org/conda-forge/osx-arm64/libcrc32c-1.1.2-hbdafb3b_0.tar.bz2
https://conda.anaconda.org/conda-forge/osx-arm64/libedit-3.1.20191231-hc8eb9b7_2.tar.bz2
https://repo.anaconda.com/pkgs/main/osx-arm64/libgfortran5-11.3.0-h009349e_28.conda
https://conda.anaconda.org/conda-forge/osx-arm64/libsolv-0.7.30-h6c9b7f8_0.conda
https://conda.anaconda.org/conda-forge/osx-arm64/libsqlite-3.46.0-hfb93653_0.conda
https://conda.anaconda.org/conda-forge/osx-arm64/libxml2-2.12.7-h9a80f22_3.conda
https://conda.anaconda.org/conda-forge/osx-arm64/lz4-c-1.9.4-hb7217d7_0.conda
https://conda.anaconda.org/conda-forge/osx-arm64/openssl-3.4.0-h39f12f2_0.conda
https://conda.anaconda.org/conda-forge/osx-arm64/readline-8.2-h92ec313_1.conda
https://conda.anaconda.org/conda-forge/osx-arm64/reproc-cpp-14.2.4.post0-h965bd2d_1.conda
https://conda.anaconda.org/conda-forge/osx-arm64/snappy-1.2.1-hd02b534_0.conda
https://conda.anaconda.org/conda-forge/osx-arm64/tk-8.6.13-hb31c410_0.conda
https://conda.anaconda.org/conda-forge/osx-arm64/yaml-cpp-0.8.0-h13dd4ca_0.conda
https://repo.anaconda.com/pkgs/main/osx-arm64/zeromq-4.3.5-h313beb8_0.conda
https://conda.anaconda.org/conda-forge/osx-arm64/zstd-1.5.6-hb46c0d2_0.conda
https://conda.anaconda.org/conda-forge/osx-arm64/aws-c-io-0.14.8-h6dd71cf_0.conda
https://conda.anaconda.org/conda-forge/osx-arm64/glog-0.7.1-heb240a5_0.conda
https://conda.anaconda.org/conda-forge/osx-arm64/krb5-1.21.3-h237132a_0.conda
https://conda.anaconda.org/conda-forge/osx-arm64/libarchive-3.7.4-h83d404f_0.conda
https://conda.anaconda.org/conda-forge/osx-arm64/libevent-2.1.12-h2757513_1.conda
https://repo.anaconda.com/pkgs/main/osx-arm64/libgfortran-5.0.0-11_3_0_hca03da5_28.conda
https://conda.anaconda.org/conda-forge/osx-arm64/libllvm16-16.0.6-haab561b_3.conda
https://conda.anaconda.org/conda-forge/osx-arm64/libnghttp2-1.58.0-ha4dd798_0.conda
https://conda.anaconda.org/conda-forge/osx-arm64/libprotobuf-4.25.3-hbfab5d5_0.conda
https://conda.anaconda.org/conda-forge/osx-arm64/libre2-11-2023.09.01-h7b2c953_2.conda
https://conda.anaconda.org/conda-forge/osx-arm64/libssh2-1.11.0-h7a5bd25_0.conda
https://conda.anaconda.org/conda-forge/osx-arm64/libxslt-1.1.39-h223e5b9_0.conda
https://conda.anaconda.org/conda-forge/osx-arm64/python-3.11.9-h932a869_0_cpython.conda
https://conda.anaconda.org/conda-forge/noarch/appdirs-1.4.4-pyh9f0ad1d_0.tar.bz2
https://repo.anaconda.com/pkgs/main/osx-arm64/appnope-0.1.2-py311hca03da5_1001.conda
https://conda.anaconda.org/conda-forge/noarch/archspec-0.2.3-pyhd8ed1ab_0.conda
https://repo.anaconda.com/pkgs/main/osx-arm64/argon2-cffi-bindings-21.2.0-py311h80987f9_0.conda
https://repo.anaconda.com/pkgs/main/osx-arm64/async-lru-2.0.4-py311hca03da5_0.conda
https://conda.anaconda.org/conda-forge/osx-arm64/aws-c-event-stream-0.4.2-h7d5773a_10.conda
https://conda.anaconda.org/conda-forge/osx-arm64/aws-c-http-0.8.1-h00faecf_13.conda
https://conda.anaconda.org/conda-forge/noarch/backports-1.0-pyhd8ed1ab_4.conda
https://conda.anaconda.org/conda-forge/noarch/boltons-24.0.0-pyhd8ed1ab_0.conda
https://repo.anaconda.com/pkgs/main/osx-arm64/brotli-python-1.0.9-py311h313beb8_8.conda
https://conda.anaconda.org/conda-forge/noarch/cachy-0.3.0-pyhd8ed1ab_1.tar.bz2
https://repo.anaconda.com/pkgs/main/osx-arm64/certifi-2024.8.30-py311hca03da5_0.conda
https://conda.anaconda.org/conda-forge/noarch/charset-normalizer-3.3.2-pyhd8ed1ab_0.conda
https://conda.anaconda.org/conda-forge/noarch/click-8.1.7-unix_pyh707e725_0.conda
https://conda.anaconda.org/conda-forge/noarch/colorama-0.4.6-pyhd8ed1ab_0.tar.bz2
https://conda.anaconda.org/conda-forge/noarch/crashtest-0.4.1-pyhd8ed1ab_0.tar.bz2
https://repo.anaconda.com/pkgs/main/osx-arm64/cryptography-43.0.3-py311h8026fc7_1.conda
https://repo.anaconda.com/pkgs/main/osx-arm64/debugpy-1.6.7-py311h313beb8_0.conda
https://repo.anaconda.com/pkgs/main/noarch/decorator-5.1.1-pyhd3eb1b0_0.conda
https://repo.anaconda.com/pkgs/main/noarch/defusedxml-0.7.1-pyhd3eb1b0_0.conda
https://conda.anaconda.org/conda-forge/noarch/distlib-0.3.9-pyhd8ed1ab_0.conda
https://conda.anaconda.org/conda-forge/noarch/distro-1.9.0-pyhd8ed1ab_0.conda
https://conda.anaconda.org/conda-forge/noarch/entrypoints-0.4-pyhd8ed1ab_0.tar.bz2
https://repo.anaconda.com/pkgs/main/noarch/executing-0.8.3-pyhd3eb1b0_0.conda
https://conda.anaconda.org/conda-forge/noarch/filelock-3.16.1-pyhd8ed1ab_0.conda
https://repo.anaconda.com/pkgs/main/osx-arm64/frozendict-2.4.2-py311hca03da5_0.conda
https://conda.anaconda.org/conda-forge/noarch/ipython_genutils-0.2.0-pyhd8ed1ab_1.conda
https://repo.anaconda.com/pkgs/main/osx-arm64/jinja2-3.1.4-py311hca03da5_0.conda
https://repo.anaconda.com/pkgs/main/osx-arm64/joblib-1.4.2-py311hca03da5_0.conda
https://repo.anaconda.com/pkgs/main/noarch/json5-0.9.6-pyhd3eb1b0_0.conda
https://repo.anaconda.com/pkgs/main/noarch/jsonpointer-2.1-pyhd3eb1b0_0.conda
https://repo.anaconda.com/pkgs/main/noarch/jupyterlab_pygments-0.1.2-py_0.conda
https://conda.anaconda.org/conda-forge/noarch/jupyterlab_widgets-3.0.13-pyhd8ed1ab_0.conda
https://conda.anaconda.org/conda-forge/osx-arm64/libcurl-8.10.1-h13a7ad3_0.conda
https://repo.anaconda.com/pkgs/main/osx-arm64/libopenblas-0.3.21-h269037a_0.conda
https://conda.anaconda.org/conda-forge/osx-arm64/libthrift-0.19.0-h026a170_1.conda
https://conda.anaconda.org/conda-forge/osx-arm64/lxml-5.2.2-py311hf9a6a72_0.conda
https://repo.anaconda.com/pkgs/main/osx-arm64/menuinst-2.1.2-py311hca03da5_0.conda
https://repo.anaconda.com/pkgs/main/osx-arm64/mistune-2.0.4-py311hca03da5_0.conda
https://conda.anaconda.org/conda-forge/noarch/more-itertools-10.5.0-pyhd8ed1ab_0.conda
https://conda.anaconda.org/conda-forge/osx-arm64/msgpack-python-1.0.8-py311h6bde47b_0.conda
https://conda.anaconda.org/conda-forge/noarch/narwhals-1.9.2-pyhd8ed1ab_0.conda
https://repo.anaconda.com/pkgs/main/osx-arm64/nest-asyncio-1.6.0-py311hca03da5_0.conda
https://conda.anaconda.org/conda-forge/osx-arm64/orc-2.0.0-h4aad248_1.conda
https://repo.anaconda.com/pkgs/main/osx-arm64/overrides-7.4.0-py311hca03da5_0.conda
https://repo.anaconda.com/pkgs/main/noarch/pandocfilters-1.5.0-pyhd3eb1b0_0.conda
https://repo.anaconda.com/pkgs/main/noarch/parso-0.8.3-pyhd3eb1b0_0.conda
https://conda.anaconda.org/conda-forge/noarch/pastel-0.2.1-pyhd8ed1ab_0.tar.bz2
https://conda.anaconda.org/conda-forge/noarch/pkginfo-1.11.2-pyhd8ed1ab_0.conda
https://conda.anaconda.org/conda-forge/noarch/platformdirs-4.2.0-pyhd8ed1ab_0.conda
https://repo.anaconda.com/pkgs/main/osx-arm64/prometheus_client-0.14.1-py311hca03da5_0.conda
https://repo.anaconda.com/pkgs/main/noarch/ptyprocess-0.7.0-pyhd3eb1b0_2.conda
https://repo.anaconda.com/pkgs/main/noarch/pure_eval-0.2.2-pyhd3eb1b0_0.conda
https://repo.anaconda.com/pkgs/main/osx-arm64/pycosat-0.6.6-py311h80987f9_1.conda
https://conda.anaconda.org/conda-forge/noarch/pycparser-2.22-pyhd8ed1ab_0.conda
https://conda.anaconda.org/conda-forge/noarch/pylev-1.4.0-pyhd8ed1ab_0.tar.bz2
https://conda.anaconda.org/conda-forge/noarch/pysocks-1.7.1-pyha2e5f31_6.tar.bz2
https://repo.anaconda.com/pkgs/main/osx-arm64/python-fastjsonschema-2.16.2-py311hca03da5_0.conda
https://repo.anaconda.com/pkgs/main/osx-arm64/python-json-logger-2.0.7-py311hca03da5_0.conda
https://repo.anaconda.com/pkgs/main/osx-arm64/pyzmq-25.1.2-py311h313beb8_0.conda
https://conda.anaconda.org/conda-forge/osx-arm64/re2-2023.09.01-h4cba328_2.conda
https://repo.anaconda.com/pkgs/main/osx-arm64/rfc3986-validator-0.1.1-py311hca03da5_0.conda
https://repo.anaconda.com/pkgs/main/osx-arm64/ruamel.yaml-0.17.21-py311h80987f9_0.conda
https://repo.anaconda.com/pkgs/main/osx-arm64/ruamel.yaml.clib-0.2.7-py311h80987f9_0.conda
https://repo.anaconda.com/pkgs/main/osx-arm64/send2trash-1.8.2-py311hca03da5_0.conda
https://conda.anaconda.org/conda-forge/noarch/setuptools-69.5.1-pyhd8ed1ab_0.conda
https://repo.anaconda.com/pkgs/main/noarch/six-1.16.0-pyhd3eb1b0_1.conda
https://repo.anaconda.com/pkgs/main/noarch/smmap-4.0.0-pyhd3eb1b0_0.conda
https://repo.anaconda.com/pkgs/main/osx-arm64/soupsieve-2.5-py311hca03da5_0.conda
https://repo.anaconda.com/pkgs/main/osx-arm64/threadpoolctl-3.5.0-py311hb6e6a13_0.conda
https://conda.anaconda.org/conda-forge/noarch/tomli-2.1.0-pyhff2d567_0.conda
https://conda.anaconda.org/conda-forge/noarch/tomlkit-0.13.2-pyha770c72_0.conda
https://conda.anaconda.org/conda-forge/noarch/toolz-0.12.1-pyhd8ed1ab_0.conda
https://repo.anaconda.com/pkgs/main/osx-arm64/tornado-6.4.1-py311h80987f9_0.conda
https://repo.anaconda.com/pkgs/main/osx-arm64/traitlets-5.14.3-py311hca03da5_0.conda
https://conda.anaconda.org/conda-forge/noarch/truststore-0.8.0-pyhd8ed1ab_0.conda
https://repo.anaconda.com/pkgs/main/osx-arm64/typing-extensions-4.11.0-py311hca03da5_0.conda
https://conda.anaconda.org/conda-forge/osx-arm64/vegafusion-python-embed-1.6.9-py311h98c6a39_0.conda
https://conda.anaconda.org/conda-forge/osx-arm64/vl-convert-python-1.7.0-py311h460d6c5_1.conda
https://conda.anaconda.org/conda-forge/osx-arm64/watchfiles-0.24.0-py311h481aa64_1.conda
https://repo.anaconda.com/pkgs/main/noarch/wcwidth-0.2.5-pyhd3eb1b0_0.conda
https://repo.anaconda.com/pkgs/main/osx-arm64/webencodings-0.5.1-py311hca03da5_1.conda
https://repo.anaconda.com/pkgs/main/osx-arm64/websocket-client-1.8.0-py311hca03da5_0.conda
https://conda.anaconda.org/conda-forge/noarch/wheel-0.43.0-pyhd8ed1ab_1.conda
https://conda.anaconda.org/conda-forge/noarch/widgetsnbextension-4.0.13-pyhd8ed1ab_0.conda
https://conda.anaconda.org/conda-forge/osx-arm64/wrapt-1.16.0-py311h460d6c5_1.conda
https://conda.anaconda.org/conda-forge/noarch/xyzservices-2024.9.0-pyhd8ed1ab_0.conda
https://conda.anaconda.org/conda-forge/noarch/zipp-3.20.2-pyhd8ed1ab_0.conda
https://conda.anaconda.org/conda-forge/osx-arm64/zstandard-0.23.0-py311ha60cc69_1.conda
https://conda.anaconda.org/conda-forge/noarch/annotated-types-0.7.0-pyhd8ed1ab_0.conda
https://repo.anaconda.com/pkgs/main/noarch/argon2-cffi-21.3.0-pyhd3eb1b0_0.conda
https://repo.anaconda.com/pkgs/main/noarch/asttokens-2.0.5-pyhd3eb1b0_0.conda
https://conda.anaconda.org/conda-forge/osx-arm64/aws-c-auth-0.7.20-h5cf208e_0.conda
https://conda.anaconda.org/conda-forge/osx-arm64/aws-c-mqtt-0.10.4-h92d7a41_2.conda
https://conda.anaconda.org/conda-forge/noarch/backports.tarfile-1.2.0-pyhd8ed1ab_0.conda
https://repo.anaconda.com/pkgs/main/osx-arm64/beautifulsoup4-4.12.3-py311hca03da5_0.conda
https://repo.anaconda.com/pkgs/main/noarch/bleach-4.1.0-pyhd3eb1b0_0.conda
https://conda.anaconda.org/conda-forge/noarch/cachecontrol-0.14.1-pyhd8ed1ab_0.conda
https://conda.anaconda.org/conda-forge/noarch/click-default-group-1.2.4-pyhd8ed1ab_0.conda
https://conda.anaconda.org/conda-forge/noarch/clikit-0.6.2-pyhd8ed1ab_2.conda
https://repo.anaconda.com/pkgs/main/osx-arm64/comm-0.2.1-py311hca03da5_0.conda
https://conda.anaconda.org/conda-forge/noarch/conda-package-streaming-0.9.0-pyhd8ed1ab_0.conda
https://conda.anaconda.org/conda-forge/noarch/ensureconda-1.4.4-pyhd8ed1ab_0.conda
https://repo.anaconda.com/pkgs/main/noarch/gitdb-4.0.7-pyhd3eb1b0_0.conda
https://conda.anaconda.org/conda-forge/noarch/html5lib-1.1-pyhd8ed1ab_1.conda
https://conda.anaconda.org/conda-forge/noarch/importlib-metadata-8.5.0-pyha770c72_0.conda
https://conda.anaconda.org/conda-forge/noarch/importlib_resources-6.4.5-pyhd8ed1ab_0.conda
https://conda.anaconda.org/conda-forge/noarch/jaraco.classes-3.4.0-pyhd8ed1ab_1.conda
https://conda.anaconda.org/conda-forge/noarch/jaraco.functools-4.0.0-pyhd8ed1ab_0.conda
https://repo.anaconda.com/pkgs/main/osx-arm64/jedi-0.19.1-py311hca03da5_0.conda
https://conda.anaconda.org/conda-forge/noarch/jsonpatch-1.33-pyhd8ed1ab_0.conda
https://repo.anaconda.com/pkgs/main/osx-arm64/jupyter_core-5.7.2-py311hca03da5_0.conda
https://conda.anaconda.org/conda-forge/osx-arm64/libgrpc-1.62.2-h9c18a4f_0.conda
https://conda.anaconda.org/conda-forge/osx-arm64/libmamba-1.5.9-hbfbf5c4_0.conda
https://repo.anaconda.com/pkgs/main/osx-arm64/matplotlib-inline-0.1.6-py311hca03da5_0.conda
https://conda.anaconda.org/conda-forge/noarch/mercantile-1.2.1-pyhd8ed1ab_0.tar.bz2
https://repo.anaconda.com/pkgs/main/osx-arm64/numpy-base-1.26.4-py311hfbfe69c_0.conda
https://repo.anaconda.com/pkgs/main/noarch/pexpect-4.8.0-pyhd3eb1b0_3.conda
https://conda.anaconda.org/conda-forge/noarch/pip-24.0-pyhd8ed1ab_0.conda
https://repo.anaconda.com/pkgs/main/osx-arm64/prompt-toolkit-3.0.43-py311hca03da5_0.conda
https://conda.anaconda.org/conda-forge/osx-arm64/protobuf-4.25.3-py311hea19e3d_0.conda
https://conda.anaconda.org/conda-forge/noarch/psygnal-0.11.1-pyhd8ed1ab_0.conda
https://conda.anaconda.org/conda-forge/osx-arm64/pydantic-core-2.23.4-py311h481aa64_0.conda
https://repo.anaconda.com/pkgs/main/osx-arm64/pyopenssl-24.2.1-py311hca03da5_0.conda
https://repo.anaconda.com/pkgs/main/osx-arm64/python-dateutil-2.9.0post0-py311hca03da5_2.conda
https://repo.anaconda.com/pkgs/main/osx-arm64/rfc3339-validator-0.1.4-py311hca03da5_0.conda
https://repo.anaconda.com/pkgs/main/osx-arm64/terminado-0.17.1-py311hca03da5_0.conda
https://repo.anaconda.com/pkgs/main/osx-arm64/tinycss2-1.2.1-py311hca03da5_0.conda
https://conda.anaconda.org/conda-forge/noarch/tqdm-4.66.2-pyhd8ed1ab_0.conda
https://conda.anaconda.org/conda-forge/noarch/urllib3-1.26.19-pyhd8ed1ab_0.conda
https://conda.anaconda.org/conda-forge/noarch/virtualenv-20.27.1-pyhd8ed1ab_0.conda
https://conda.anaconda.org/conda-forge/noarch/altair-5.4.1-pyhd8ed1ab_1.conda
https://conda.anaconda.org/conda-forge/osx-arm64/aws-c-s3-0.5.9-he1e208d_0.conda
https://conda.anaconda.org/conda-forge/noarch/cachecontrol-with-filecache-0.14.1-pyhd8ed1ab_0.conda
https://conda.anaconda.org/conda-forge/noarch/conda-package-handling-2.2.0-pyh38be061_0.conda
https://repo.anaconda.com/pkgs/main/osx-arm64/gitpython-3.1.43-py311hca03da5_0.conda
https://conda.anaconda.org/conda-forge/noarch/jaraco.context-5.3.0-pyhd8ed1ab_1.conda
https://conda.anaconda.org/conda-forge/noarch/jupyter_client-7.4.9-pyhd8ed1ab_0.conda
https://repo.anaconda.com/pkgs/main/osx-arm64/jupyter_events-0.10.0-py311hca03da5_0.conda
https://repo.anaconda.com/pkgs/main/osx-arm64/jupyter_server_terminals-0.4.4-py311hca03da5_1.conda
https://conda.anaconda.org/conda-forge/osx-arm64/libgoogle-cloud-2.23.0-hbebe991_1.conda
https://conda.anaconda.org/conda-forge/osx-arm64/libmambapy-1.5.9-py311h671292d_0.conda
https://repo.anaconda.com/pkgs/main/osx-arm64/nbformat-5.9.2-py311hca03da5_0.conda
https://repo.anaconda.com/pkgs/main/osx-arm64/numpy-1.26.4-py311he598dae_0.conda
https://repo.anaconda.com/pkgs/main/noarch/prompt_toolkit-3.0.43-hd3eb1b0_0.conda
https://conda.anaconda.org/conda-forge/noarch/pydantic-2.9.2-pyhd8ed1ab_0.conda
https://repo.anaconda.com/pkgs/main/noarch/stack_data-0.2.0-pyhd3eb1b0_0.conda
https://conda.anaconda.org/conda-forge/noarch/altair_tiles-0.3.0-pyhd8ed1ab_0.conda
https://conda.anaconda.org/conda-forge/osx-arm64/aws-crt-cpp-0.26.8-h5cd1ed2_11.conda
https://repo.anaconda.com/pkgs/main/osx-arm64/bottleneck-1.3.7-py311hb9f6ed7_0.conda
https://repo.anaconda.com/pkgs/main/osx-arm64/conda-23.9.0-py311hca03da5_0.conda
https://repo.anaconda.com/pkgs/main/osx-arm64/ipython-8.25.0-py311hca03da5_0.conda
https://conda.anaconda.org/conda-forge/noarch/keyring-25.5.0-pyh534df25_0.conda
https://conda.anaconda.org/conda-forge/osx-arm64/libgoogle-cloud-storage-2.23.0-h8a76758_1.conda
https://repo.anaconda.com/pkgs/main/osx-arm64/nbclient-0.8.0-py311hca03da5_0.conda
https://repo.anaconda.com/pkgs/main/osx-arm64/numexpr-2.8.7-py311h6dc990b_0.conda
https://repo.anaconda.com/pkgs/main/osx-arm64/scipy-1.13.1-py311hac8794a_0.conda
https://conda.anaconda.org/conda-forge/osx-arm64/aws-sdk-cpp-1.11.267-h108e708_8.conda
https://conda.anaconda.org/conda-forge/noarch/conda-libmamba-solver-24.1.0-pyhd8ed1ab_0.conda
https://conda.anaconda.org/conda-forge/noarch/conda-lock-2.5.7-pyhd8ed1ab_0.conda
https://repo.anaconda.com/pkgs/main/osx-arm64/ipykernel-6.28.0-py311hca03da5_0.conda
https://conda.anaconda.org/conda-forge/noarch/ipywidgets-8.1.5-pyhd8ed1ab_0.conda
https://repo.anaconda.com/pkgs/main/osx-arm64/nbconvert-7.10.0-py311hca03da5_0.conda
https://conda.anaconda.org/conda-forge/noarch/nbconvert-core-7.10.0-pyhd8ed1ab_0.conda
https://repo.anaconda.com/pkgs/main/osx-arm64/pandas-2.2.2-py311h7aedaa7_0.conda
https://repo.anaconda.com/pkgs/main/osx-arm64/scikit-learn-1.5.1-py311h7aedaa7_0.conda
https://conda.anaconda.org/conda-forge/noarch/anywidget-0.9.13-pyhd8ed1ab_0.conda
https://repo.anaconda.com/pkgs/main/osx-arm64/jupyter_server-2.14.1-py311hca03da5_0.conda
https://conda.anaconda.org/conda-forge/osx-arm64/libarrow-15.0.2-hea125af_6_cpu.conda
https://repo.anaconda.com/pkgs/main/osx-arm64/jupyter-lsp-2.2.0-py311hca03da5_0.conda
https://repo.anaconda.com/pkgs/main/osx-arm64/jupyter-server-mathjax-0.2.6-py311hca03da5_0.conda
https://repo.anaconda.com/pkgs/main/osx-arm64/jupyterlab_server-2.25.1-py311hca03da5_0.conda
https://conda.anaconda.org/conda-forge/osx-arm64/libarrow-acero-15.0.2-h3f3aa29_6_cpu.conda
https://conda.anaconda.org/conda-forge/osx-arm64/libarrow-flight-15.0.2-h224147a_6_cpu.conda
https://conda.anaconda.org/conda-forge/osx-arm64/libarrow-gandiva-15.0.2-h3b9069c_6_cpu.conda
https://conda.anaconda.org/conda-forge/osx-arm64/libparquet-15.0.2-h5304c63_6_cpu.conda
https://repo.anaconda.com/pkgs/main/osx-arm64/notebook-shim-0.2.3-py311hca03da5_0.conda
https://repo.anaconda.com/pkgs/main/osx-arm64/jupyterlab-4.0.11-py311hca03da5_0.conda
https://conda.anaconda.org/conda-forge/osx-arm64/libarrow-dataset-15.0.2-h3f3aa29_6_cpu.conda
https://conda.anaconda.org/conda-forge/osx-arm64/libarrow-flight-sql-15.0.2-hb630850_6_cpu.conda
https://conda.anaconda.org/conda-forge/noarch/nbclassic-1.1.0-pyhd8ed1ab_0.conda
https://repo.anaconda.com/pkgs/main/osx-arm64/nbdime-4.0.1-py311hca03da5_0.conda
https://repo.anaconda.com/pkgs/main/osx-arm64/jupyterlab-git-0.50.0-py311hca03da5_0.conda
https://conda.anaconda.org/conda-forge/noarch/jupyterlab-spellchecker-0.8.4-pyhd8ed1ab_0.conda
https://conda.anaconda.org/conda-forge/osx-arm64/libarrow-substrait-15.0.2-hd92e347_6_cpu.conda
https://conda.anaconda.org/conda-forge/noarch/notebook-6.5.7-pyha770c72_0.conda
https://conda.anaconda.org/conda-forge/noarch/jupyter_contrib_core-0.4.0-pyhd8ed1ab_0.tar.bz2
https://conda.anaconda.org/conda-forge/osx-arm64/pyarrow-15.0.2-py311h5ff715f_6_cpu.conda
https://conda.anaconda.org/conda-forge/noarch/jupyter_highlight_selected_word-0.2.0-pyhd8ed1ab_1006.conda
https://conda.anaconda.org/conda-forge/noarch/jupyter_latex_envs-1.4.6-pyhd8ed1ab_1002.tar.bz2
https://conda.anaconda.org/conda-forge/noarch/jupyter_nbextensions_configurator-0.6.1-pyhd8ed1ab_0.conda
https://conda.anaconda.org/conda-forge/noarch/vegafusion-1.6.9-pyhd8ed1ab_0.conda
https://conda.anaconda.org/conda-forge/noarch/altair-all-5.4.1-pyhd8ed1ab_1.conda
https://conda.anaconda.org/conda-forge/noarch/jupyter_contrib_nbextensions-0.7.0-pyhd8ed1ab_0.conda
